
Microsoft Visual Studio Solution File, Format Version 12.00
# Visual Studio Version 16
VisualStudioVersion = 16.0.31025.194
MinimumVisualStudioVersion = 10.0.40219.1
Project("{FAE04EC0-301F-11D3-BF4B-00C04F79EFBC}") = "DatingApp2", "DatingApp2\DatingApp2.csproj", "{90E7853C-3994-47B3-A2D7-822AE3A705D2}"
EndProject
Global
	GlobalSection(SolutionConfigurationPlatforms) = preSolution
		Debug|Any CPU = Debug|Any CPU
		Release|Any CPU = Release|Any CPU
	EndGlobalSection
	GlobalSection(ProjectConfigurationPlatforms) = postSolution
		{90E7853C-3994-47B3-A2D7-822AE3A705D2}.Debug|Any CPU.ActiveCfg = Debug|Any CPU
		{90E7853C-3994-47B3-A2D7-822AE3A705D2}.Debug|Any CPU.Build.0 = Debug|Any CPU
		{90E7853C-3994-47B3-A2D7-822AE3A705D2}.Release|Any CPU.ActiveCfg = Release|Any CPU
		{90E7853C-3994-47B3-A2D7-822AE3A705D2}.Release|Any CPU.Build.0 = Release|Any CPU
	EndGlobalSection
	GlobalSection(SolutionProperties) = preSolution
		HideSolutionNode = FALSE
	EndGlobalSection
	GlobalSection(ExtensibilityGlobals) = postSolution
		SolutionGuid = {89B3BE0A-2797-4B34-9F37-FF2A315DA356}
	EndGlobalSection
EndGlobal
